// !$*UTF8*$!
{
	archiveVersion = 1;
	classes = {
	};
	objectVersion = 46;
	objects = {

/* Begin PBXBuildFile section */
		FC1D67EC1DD903050095ED5F /* AppDelegate.swift in Sources */ = {isa = PBXBuildFile; fileRef = FC1D67EB1DD903050095ED5F /* AppDelegate.swift */; };
		FC1D67EE1DD903050095ED5F /* ViewController.swift in Sources */ = {isa = PBXBuildFile; fileRef = FC1D67ED1DD903050095ED5F /* ViewController.swift */; };
		FC1D67F11DD903050095ED5F /* Main.storyboard in Resources */ = {isa = PBXBuildFile; fileRef = FC1D67EF1DD903050095ED5F /* Main.storyboard */; };
		FC1D67F31DD903050095ED5F /* Assets.xcassets in Resources */ = {isa = PBXBuildFile; fileRef = FC1D67F21DD903050095ED5F /* Assets.xcassets */; };
		FC1D67F61DD903050095ED5F /* LaunchScreen.storyboard in Resources */ = {isa = PBXBuildFile; fileRef = FC1D67F41DD903050095ED5F /* LaunchScreen.storyboard */; };
		FC1D67FE1DD903330095ED5F /* sample.swift in Sources */ = {isa = PBXBuildFile; fileRef = FC1D67FD1DD903330095ED5F /* sample.swift */; };
/* End PBXBuildFile section */

/* Begin PBXFileReference section */
		FC1D67E81DD903050095ED5F /* sampleCocoa.app */ = {isa = PBXFileReference; explicitFileType = wrapper.application; includeInIndex = 0; path = sampleCocoa.app; sourceTree = BUILT_PRODUCTS_DIR; };
		FC1D67EB1DD903050095ED5F /* AppDelegate.swift */ = {isa = PBXFileReference; lastKnownFileType = sourcecode.swift; path = AppDelegate.swift; sourceTree = "<group>"; };
		FC1D67ED1DD903050095ED5F /* ViewController.swift */ = {isa = PBXFileReference; lastKnownFileType = sourcecode.swift; path = ViewController.swift; sourceTree = "<group>"; };
		FC1D67F01DD903050095ED5F /* Base */ = {isa = PBXFileReference; lastKnownFileType = file.storyboard; name = Base; path = Base.lproj/Main.storyboard; sourceTree = "<group>"; };
		FC1D67F21DD903050095ED5F /* Assets.xcassets */ = {isa = PBXFileReference; lastKnownFileType = folder.assetcatalog; path = Assets.xcassets; sourceTree = "<group>"; };
		FC1D67F51DD903050095ED5F /* Base */ = {isa = PBXFileReference; lastKnownFileType = file.storyboard; name = Base; path = Base.lproj/LaunchScreen.storyboard; sourceTree = "<group>"; };
		FC1D67F71DD903050095ED5F /* Info.plist */ = {isa = PBXFileReference; lastKnownFileType = text.plist.xml; path = Info.plist; sourceTree = "<group>"; };
		FC1D67FD1DD903330095ED5F /* sample.swift */ = {isa = PBXFileReference; fileEncoding = 4; lastKnownFileType = sourcecode.swift; path = sample.swift; sourceTree = "<group>"; };
/* End PBXFileReference section */

/* Begin PBXFrameworksBuildPhase section */
		FC1D67E51DD903050095ED5F /* Frameworks */ = {
			isa = PBXFrameworksBuildPhase;
			buildActionMask = 2147483647;
			files = (
			);
			runOnlyForDeploymentPostprocessing = 0;
		};
/* End PBXFrameworksBuildPhase section */

/* Begin PBXGroup section */
		FC1D67DF1DD903050095ED5F = {
			isa = PBXGroup;
			children = (
				FC1D67EA1DD903050095ED5F /* sampleCocoa */,
				FC1D67E91DD903050095ED5F /* Products */,
			);
			sourceTree = "<group>";
		};
		FC1D67E91DD903050095ED5F /* Products */ = {
			isa = PBXGroup;
			children = (
				FC1D67E81DD903050095ED5F /* sampleCocoa.app */,
			);
			name = Products;
			sourceTree = "<group>";
		};
		FC1D67EA1DD903050095ED5F /* sampleCocoa */ = {
			isa = PBXGroup;
			children = (
				FC1D67EB1DD903050095ED5F /* AppDelegate.swift */,
				FC1D67ED1DD903050095ED5F /* ViewController.swift */,
				FC1D67FD1DD903330095ED5F /* sample.swift */,
				FC1D67EF1DD903050095ED5F /* Main.storyboard */,
				FC1D67F21DD903050095ED5F /* Assets.xcassets */,
				FC1D67F41DD903050095ED5F /* LaunchScreen.storyboard */,
				FC1D67F71DD903050095ED5F /* Info.plist */,
			);
			name = sampleCocoa;
			path = sampleCocoapods;
			sourceTree = "<group>";
		};
/* End PBXGroup section */

/* Begin PBXNativeTarget section */
		FC1D67E71DD903050095ED5F /* sampleCocoa */ = {
			isa = PBXNativeTarget;
			buildConfigurationList = FC1D67FA1DD903050095ED5F /* Build configuration list for PBXNativeTarget "sampleCocoa" */;
			buildPhases = (
				FC1D67E41DD903050095ED5F /* Sources */,
				FC1D67E51DD903050095ED5F /* Frameworks */,
				FC1D67E61DD903050095ED5F /* Resources */,
			);
			buildRules = (
			);
			dependencies = (
			);
			name = sampleCocoa;
			productName = sampleCocoapods;
			productReference = FC1D67E81DD903050095ED5F /* sampleCocoa.app */;
			productType = "com.apple.product-type.application";
		};
/* End PBXNativeTarget section */

/* Begin PBXProject section */
		FC1D67E01DD903050095ED5F /* Project object */ = {
			isa = PBXProject;
			attributes = {
				LastSwiftUpdateCheck = 0810;
				LastUpgradeCheck = 0810;
				ORGANIZATIONNAME = OneTouch;
				TargetAttributes = {
					FC1D67E71DD903050095ED5F = {
						CreatedOnToolsVersion = 8.1;
						DevelopmentTeam = 38R8E27T48;
						ProvisioningStyle = Automatic;
					};
				};
			};
			buildConfigurationList = FC1D67E31DD903050095ED5F /* Build configuration list for PBXProject "sampleCocoa" */;
			compatibilityVersion = "Xcode 3.2";
			developmentRegion = English;
			hasScannedForEncodings = 0;
			knownRegions = (
				en,
				Base,
			);
			mainGroup = FC1D67DF1DD903050095ED5F;
			productRefGroup = FC1D67E91DD903050095ED5F /* Products */;
			projectDirPath = "";
			projectRoot = "";
			targets = (
				FC1D67E71DD903050095ED5F /* sampleCocoa */,
			);
		};
/* End PBXProject section */

/* Begin PBXResourcesBuildPhase section */
		FC1D67E61DD903050095ED5F /* Resources */ = {
			isa = PBXResourcesBuildPhase;
			buildActionMask = 2147483647;
			files = (
				FC1D67F61DD903050095ED5F /* LaunchScreen.storyboard in Resources */,
				FC1D67F31DD903050095ED5F /* Assets.xcassets in Resources */,
				FC1D67F11DD903050095ED5F /* Main.storyboard in Resources */,
			);
			runOnlyForDeploymentPostprocessing = 0;
		};
/* End PBXResourcesBuildPhase section */

/* Begin PBXSourcesBuildPhase section */
		FC1D67E41DD903050095ED5F /* Sources */ = {
			isa = PBXSourcesBuildPhase;
			buildActionMask = 2147483647;
			files = (
				FC1D67EE1DD903050095ED5F /* ViewController.swift in Sources */,
				FC1D67FE1DD903330095ED5F /* sample.swift in Sources */,
				FC1D67EC1DD903050095ED5F /* AppDelegate.swift in Sources */,
			);
			runOnlyForDeploymentPostprocessing = 0;
		};
/* End PBXSourcesBuildPhase section */

/* Begin PBXVariantGroup section */
		FC1D67EF1DD903050095ED5F /* Main.storyboard */ = {
			isa = PBXVariantGroup;
			children = (
				FC1D67F01DD903050095ED5F /* Base */,
			);
			name = Main.storyboard;
			sourceTree = "<group>";
		};
		FC1D67F41DD903050095ED5F /* LaunchScreen.storyboard */ = {
			isa = PBXVariantGroup;
			children = (
				FC1D67F51DD903050095ED5F /* Base */,
			);
			name = LaunchScreen.storyboard;
			sourceTree = "<group>";
		};
/* End PBXVariantGroup section */

/* Begin XCBuildConfiguration section */
		FC1D67F81DD903050095ED5F /* Debug */ = {
			isa = XCBuildConfiguration;
			buildSettings = {
				ALWAYS_SEARCH_USER_PATHS = NO;
				CLANG_ANALYZER_NONNULL = YES;
				CLANG_CXX_LANGUAGE_STANDARD = "gnu++0x";
				CLANG_CXX_LIBRARY = "libc++";
				CLANG_ENABLE_MODULES = YES;
				CLANG_ENABLE_OBJC_ARC = YES;
				CLANG_WARN_BOOL_CONVERSION = YES;
				CLANG_WARN_CONSTANT_CONVERSION = YES;
				CLANG_WARN_DIRECT_OBJC_ISA_USAGE = YES_ERROR;
				CLANG_WARN_DOCUMENTATION_COMMENTS = YES;
				CLANG_WARN_EMPTY_BODY = YES;
				CLANG_WARN_ENUM_CONVERSION = YES;
				CLANG_WARN_INFINITE_RECURSION = YES;
				CLANG_WARN_INT_CONVERSION = YES;
				CLANG_WARN_OBJC_ROOT_CLASS = YES_ERROR;
				CLANG_WARN_SUSPICIOUS_MOVES = YES;
				CLANG_WARN_UNREACHABLE_CODE = YES;
				CLANG_WARN__DUPLICATE_METHOD_MATCH = YES;
				"CODE_SIGN_IDENTITY[sdk=iphoneos*]" = "iPhone Developer";
				COPY_PHASE_STRIP = NO;
				DEBUG_INFORMATION_FORMAT = dwarf;
				ENABLE_STRICT_OBJC_MSGSEND = YES;
				ENABLE_TESTABILITY = YES;
				GCC_C_LANGUAGE_STANDARD = gnu99;
				GCC_DYNAMIC_NO_PIC = NO;
				GCC_NO_COMMON_BLOCKS = YES;
				GCC_OPTIMIZATION_LEVEL = 0;
				GCC_PREPROCESSOR_DEFINITIONS = (
					"DEBUG=1",
					"$(inherited)",
				);
				GCC_WARN_64_TO_32_BIT_CONVERSION = YES;
				GCC_WARN_ABOUT_RETURN_TYPE = YES_ERROR;
				GCC_WARN_UNDECLARED_SELECTOR = YES;
				GCC_WARN_UNINITIALIZED_AUTOS = YES_AGGRESSIVE;
				GCC_WARN_UNUSED_FUNCTION = YES;
				GCC_WARN_UNUSED_VARIABLE = YES;
				IPHONEOS_DEPLOYMENT_TARGET = 10.1;
				MTL_ENABLE_DEBUG_INFO = YES;
				ONLY_ACTIVE_ARCH = YES;
				SDKROOT = iphoneos;
				SWIFT_ACTIVE_COMPILATION_CONDITIONS = DEBUG;
				SWIFT_OPTIMIZATION_LEVEL = "-Onone";
			};
			name = Debug;
		};
		FC1D67F91DD903050095ED5F /* Release */ = {
			isa = XCBuildConfiguration;
			buildSettings = {
				ALWAYS_SEARCH_USER_PATHS = NO;
				CLANG_ANALYZER_NONNULL = YES;
				CLANG_CXX_LANGUAGE_STANDARD = "gnu++0x";
				CLANG_CXX_LIBRARY = "libc++";
				CLANG_ENABLE_MODULES = YES;
				CLANG_ENABLE_OBJC_ARC = YES;
				CLANG_WARN_BOOL_CONVERSION = YES;
				CLANG_WARN_CONSTANT_CONVERSION = YES;
				CLANG_WARN_DIRECT_OBJC_ISA_USAGE = YES_ERROR;
				CLANG_WARN_DOCUMENTATION_COMMENTS = YES;
				CLANG_WARN_EMPTY_BODY = YES;
				CLANG_WARN_ENUM_CONVERSION = YES;
				CLANG_WARN_INFINITE_RECURSION = YES;
				CLANG_WARN_INT_CONVERSION = YES;
				CLANG_WARN_OBJC_ROOT_CLASS = YES_ERROR;
				CLANG_WARN_SUSPICIOUS_MOVES = YES;
				CLANG_WARN_UNREACHABLE_CODE = YES;
				CLANG_WARN__DUPLICATE_METHOD_MATCH = YES;
				"CODE_SIGN_IDENTITY[sdk=iphoneos*]" = "iPhone Developer";
				COPY_PHASE_STRIP = NO;
				DEBUG_INFORMATION_FORMAT = "dwarf-with-dsym";
				ENABLE_NS_ASSERTIONS = NO;
				ENABLE_STRICT_OBJC_MSGSEND = YES;
				GCC_C_LANGUAGE_STANDARD = gnu99;
				GCC_NO_COMMON_BLOCKS = YES;
				GCC_WARN_64_TO_32_BIT_CONVERSION = YES;
				GCC_WARN_ABOUT_RETURN_TYPE = YES_ERROR;
				GCC_WARN_UNDECLARED_SELECTOR = YES;
				GCC_WARN_UNINITIALIZED_AUTOS = YES_AGGRESSIVE;
				GCC_WARN_UNUSED_FUNCTION = YES;
				GCC_WARN_UNUSED_VARIABLE = YES;
				IPHONEOS_DEPLOYMENT_TARGET = 10.1;
				MTL_ENABLE_DEBUG_INFO = NO;
				SDKROOT = iphoneos;
				SWIFT_OPTIMIZATION_LEVEL = "-Owholemodule";
				VALIDATE_PRODUCT = YES;
			};
			name = Release;
		};
		FC1D67FB1DD903050095ED5F /* Debug */ = {
			isa = XCBuildConfiguration;
			buildSettings = {
				ASSETCATALOG_COMPILER_APPICON_NAME = AppIcon;
				DEVELOPMENT_TEAM = 38R8E27T48;
				INFOPLIST_FILE = sampleCocoapods/Info.plist;
				LD_RUNPATH_SEARCH_PATHS = "$(inherited) @executable_path/Frameworks";
				PRODUCT_BUNDLE_IDENTIFIER = com.OneTouch.sampleCocoa;
				PRODUCT_NAME = "$(TARGET_NAME)";
				SWIFT_VERSION = 3.0;
			};
			name = Debug;
		};
		FC1D67FC1DD903050095ED5F /* Release */ = {
			isa = XCBuildConfiguration;
			buildSettings = {
				ASSETCATALOG_COMPILER_APPICON_NAME = AppIcon;
				DEVELOPMENT_TEAM = 38R8E27T48;
				INFOPLIST_FILE = sampleCocoapods/Info.plist;
				LD_RUNPATH_SEARCH_PATHS = "$(inherited) @executable_path/Frameworks";
				PRODUCT_BUNDLE_IDENTIFIER = com.OneTouch.sampleCocoa;
				PRODUCT_NAME = "$(TARGET_NAME)";
				SWIFT_VERSION = 3.0;
			};
			name = Release;
		};
/* End XCBuildConfiguration section */

/* Begin XCConfigurationList section */
		FC1D67E31DD903050095ED5F /* Build configuration list for PBXProject "sampleCocoa" */ = {
			isa = XCConfigurationList;
			buildConfigurations = (
				FC1D67F81DD903050095ED5F /* Debug */,
				FC1D67F91DD903050095ED5F /* Release */,
			);
			defaultConfigurationIsVisible = 0;
			defaultConfigurationName = Release;
		};
		FC1D67FA1DD903050095ED5F /* Build configuration list for PBXNativeTarget "sampleCocoa" */ = {
			isa = XCConfigurationList;
			buildConfigurations = (
				FC1D67FB1DD903050095ED5F /* Debug */,
				FC1D67FC1DD903050095ED5F /* Release */,
			);
			defaultConfigurationIsVisible = 0;
			defaultConfigurationName = Release;
		};
/* End XCConfigurationList section */
	};
	rootObject = FC1D67E01DD903050095ED5F /* Project object */;
}
